github.com/FollowTheProcess/test v0.5.0 h1:ZnwgwyhqiaKfHIOvrh5Q4L/iacgpsIpC7i6Orp+TMRs=
github.com/FollowTheProcess/test v0.5.0/go.mod h1:9oxZcKkTAgz3bZMiHPtYCytdPcvICS+AAp5mzZzB2oA=
github.com/google/go-cmp v0.6.0 h1:ofyhxvXcZhMsU5ulbFiLKl/XBFqE1GSq7atu8tAmTRI=
github.com/google/go-cmp v0.6.0/go.mod h1:17dUlkBOakJ0+DkrSSNjCkIjxS6bF9zb3elmeNGIjoY=
