github.com/FollowTheProcess/test v0.3.1 h1:6/+kbwlLZAI1VLZaCiiCnHRsSpp3ycP6wmiruSaeNmM=
github.com/FollowTheProcess/test v0.3.1/go.mod h1:9oxZcKkTAgz3bZMiHPtYCytdPcvICS+AAp5mzZzB2oA=
github.com/google/go-cmp v0.6.0 h1:ofyhxvXcZhMsU5ulbFiLKl/XBFqE1GSq7atu8tAmTRI=
github.com/google/go-cmp v0.6.0/go.mod h1:17dUlkBOakJ0+DkrSSNjCkIjxS6bF9zb3elmeNGIjoY=
